
Microsoft Visual Studio Solution File, Format Version 12.00
# Visual Studio Version 16
VisualStudioVersion = 16.0.33529.622
MinimumVisualStudioVersion = 10.0.40219.1
Project("{FAE04EC0-301F-11D3-BF4B-00C04F79EFBC}") = "ClasesDemo1", "ClasesDemo1\ClasesDemo1.csproj", "{B61769B2-0231-47B8-8F2F-CC8011FB6AD3}"
EndProject
Global
	GlobalSection(SolutionConfigurationPlatforms) = preSolution
		Debug|Any CPU = Debug|Any CPU
		Release|Any CPU = Release|Any CPU
	EndGlobalSection
	GlobalSection(ProjectConfigurationPlatforms) = postSolution
		{B61769B2-0231-47B8-8F2F-CC8011FB6AD3}.Debug|Any CPU.ActiveCfg = Debug|Any CPU
		{B61769B2-0231-47B8-8F2F-CC8011FB6AD3}.Debug|Any CPU.Build.0 = Debug|Any CPU
		{B61769B2-0231-47B8-8F2F-CC8011FB6AD3}.Release|Any CPU.ActiveCfg = Release|Any CPU
		{B61769B2-0231-47B8-8F2F-CC8011FB6AD3}.Release|Any CPU.Build.0 = Release|Any CPU
	EndGlobalSection
	GlobalSection(SolutionProperties) = preSolution
		HideSolutionNode = FALSE
	EndGlobalSection
	GlobalSection(ExtensibilityGlobals) = postSolution
		SolutionGuid = {1F95205F-A812-46B0-B8DD-968FF8E96229}
	EndGlobalSection
EndGlobal
