
Microsoft Visual Studio Solution File, Format Version 12.00
# Visual Studio Version 16
VisualStudioVersion = 16.0.33529.622
MinimumVisualStudioVersion = 10.0.40219.1
Project("{FAE04EC0-301F-11D3-BF4B-00C04F79EFBC}") = "Estructuras", "Estructuras\Estructuras.csproj", "{40ED0345-7C9D-47EF-86E2-CCA1679C6E84}"
EndProject
Global
	GlobalSection(SolutionConfigurationPlatforms) = preSolution
		Debug|Any CPU = Debug|Any CPU
		Release|Any CPU = Release|Any CPU
	EndGlobalSection
	GlobalSection(ProjectConfigurationPlatforms) = postSolution
		{40ED0345-7C9D-47EF-86E2-CCA1679C6E84}.Debug|Any CPU.ActiveCfg = Debug|Any CPU
		{40ED0345-7C9D-47EF-86E2-CCA1679C6E84}.Debug|Any CPU.Build.0 = Debug|Any CPU
		{40ED0345-7C9D-47EF-86E2-CCA1679C6E84}.Release|Any CPU.ActiveCfg = Release|Any CPU
		{40ED0345-7C9D-47EF-86E2-CCA1679C6E84}.Release|Any CPU.Build.0 = Release|Any CPU
	EndGlobalSection
	GlobalSection(SolutionProperties) = preSolution
		HideSolutionNode = FALSE
	EndGlobalSection
	GlobalSection(ExtensibilityGlobals) = postSolution
		SolutionGuid = {21637B6E-043E-4A79-A3E5-5B8E381C7688}
	EndGlobalSection
EndGlobal
