
Microsoft Visual Studio Solution File, Format Version 12.00
# Visual Studio Version 16
VisualStudioVersion = 16.0.33529.622
MinimumVisualStudioVersion = 10.0.40219.1
Project("{FAE04EC0-301F-11D3-BF4B-00C04F79EFBC}") = "Enumeraciones", "Enumeraciones\Enumeraciones.csproj", "{18918184-FA0F-463D-AC8A-817FB8BCC09E}"
EndProject
Global
	GlobalSection(SolutionConfigurationPlatforms) = preSolution
		Debug|Any CPU = Debug|Any CPU
		Release|Any CPU = Release|Any CPU
	EndGlobalSection
	GlobalSection(ProjectConfigurationPlatforms) = postSolution
		{18918184-FA0F-463D-AC8A-817FB8BCC09E}.Debug|Any CPU.ActiveCfg = Debug|Any CPU
		{18918184-FA0F-463D-AC8A-817FB8BCC09E}.Debug|Any CPU.Build.0 = Debug|Any CPU
		{18918184-FA0F-463D-AC8A-817FB8BCC09E}.Release|Any CPU.ActiveCfg = Release|Any CPU
		{18918184-FA0F-463D-AC8A-817FB8BCC09E}.Release|Any CPU.Build.0 = Release|Any CPU
	EndGlobalSection
	GlobalSection(SolutionProperties) = preSolution
		HideSolutionNode = FALSE
	EndGlobalSection
	GlobalSection(ExtensibilityGlobals) = postSolution
		SolutionGuid = {A9CC67FF-A42F-4227-BE3E-A919D68B501C}
	EndGlobalSection
EndGlobal
